Microsoft Visual Studio Solution File, Format Version 12.00
# Visual Studio 14
VisualStudioVersion = 14.0.23107.0
MinimumVisualStudioVersion = 10.0.40219.1
Project("{8BC9CEB8-8B4A-11D0-8D11-00A0C91BC942}") = "Stage1_vc14", "Stage1_vc14.vcxproj", "{52F04D33-EED5-4EA7-8123-B57083AB4532}"
EndProject
Global
	GlobalSection(SolutionConfigurationPlatforms) = preSolution
		GCC AARCH64 Debug|x86 = GCC AARCH64 Debug|x86
		GCC AARCH64 Release|x86 = GCC AARCH64 Release|x86
		GCC ARM Debug|x86 = GCC ARM Debug|x86
		GCC ARM Release|x86 = GCC ARM Release|x86
		GCC MIPS Debug|x86 = GCC MIPS Debug|x86
		GCC MIPS Release|x86 = GCC MIPS Release|x86
		GCC X86 ANDROID Debug|x86 = GCC X86 ANDROID Debug|x86
		GCC X86 ANDROID Release|x86 = GCC X86 ANDROID Release|x86
		GCC X86 Tizen Debug|x86 = GCC X86 Tizen Debug|x86
		GCC X86 Tizen Release|x86 = GCC X86 Tizen Release|x86
		GCC X86_64 NaCL Debug|x86 = GCC X86_64 NaCL Debug|x86
		GCC X86_64 NaCL Release|x86 = GCC X86_64 NaCL Release|x86
		RVCT ARM Debug|x86 = RVCT ARM Debug|x86
		RVCT ARM Release|x86 = RVCT ARM Release|x86
		x86 Debug|x86 = x86 Debug|x86
		x86 Release|x86 = x86 Release|x86
	EndGlobalSection
	GlobalSection(ProjectConfigurationPlatforms) = postSolution
		{52F04D33-EED5-4EA7-8123-B57083AB4532}.GCC AARCH64 Debug|x86.ActiveCfg = GCC AARCH64 Debug|Win32
		{52F04D33-EED5-4EA7-8123-B57083AB4532}.GCC AARCH64 Debug|x86.Build.0 = GCC AARCH64 Debug|Win32
		{52F04D33-EED5-4EA7-8123-B57083AB4532}.GCC AARCH64 Release|x86.ActiveCfg = GCC AARCH64 Release|Win32
		{52F04D33-EED5-4EA7-8123-B57083AB4532}.GCC AARCH64 Release|x86.Build.0 = GCC AARCH64 Release|Win32
		{52F04D33-EED5-4EA7-8123-B57083AB4532}.GCC ARM Debug|x86.ActiveCfg = GCC ARM Debug|Win32
		{52F04D33-EED5-4EA7-8123-B57083AB4532}.GCC ARM Debug|x86.Build.0 = GCC ARM Debug|Win32
		{52F04D33-EED5-4EA7-8123-B57083AB4532}.GCC ARM Release|x86.ActiveCfg = GCC ARM Release|Win32
		{52F04D33-EED5-4EA7-8123-B57083AB4532}.GCC ARM Release|x86.Build.0 = GCC ARM Release|Win32
		{52F04D33-EED5-4EA7-8123-B57083AB4532}.GCC MIPS Debug|x86.ActiveCfg = GCC MIPS Debug|Win32
		{52F04D33-EED5-4EA7-8123-B57083AB4532}.GCC MIPS Debug|x86.Build.0 = GCC MIPS Debug|Win32
		{52F04D33-EED5-4EA7-8123-B57083AB4532}.GCC MIPS Release|x86.ActiveCfg = GCC MIPS Release|Win32
		{52F04D33-EED5-4EA7-8123-B57083AB4532}.GCC MIPS Release|x86.Build.0 = GCC MIPS Release|Win32
		{52F04D33-EED5-4EA7-8123-B57083AB4532}.GCC X86 ANDROID Debug|x86.ActiveCfg = GCC X86 ANDROID Debug|Win32
		{52F04D33-EED5-4EA7-8123-B57083AB4532}.GCC X86 ANDROID Debug|x86.Build.0 = GCC X86 ANDROID Debug|Win32
		{52F04D33-EED5-4EA7-8123-B57083AB4532}.GCC X86 ANDROID Release|x86.ActiveCfg = GCC X86 ANDROID Release|Win32
		{52F04D33-EED5-4EA7-8123-B57083AB4532}.GCC X86 ANDROID Release|x86.Build.0 = GCC X86 ANDROID Release|Win32
		{52F04D33-EED5-4EA7-8123-B57083AB4532}.GCC X86 Tizen Debug|x86.ActiveCfg = GCC X86 Tizen Debug|Win32
		{52F04D33-EED5-4EA7-8123-B57083AB4532}.GCC X86 Tizen Debug|x86.Build.0 = GCC X86 Tizen Debug|Win32
		{52F04D33-EED5-4EA7-8123-B57083AB4532}.GCC X86 Tizen Release|x86.ActiveCfg = GCC X86 Tizen Release|Win32
		{52F04D33-EED5-4EA7-8123-B57083AB4532}.GCC X86 Tizen Release|x86.Build.0 = GCC X86 Tizen Release|Win32
		{52F04D33-EED5-4EA7-8123-B57083AB4532}.GCC X86_64 NaCL Debug|x86.ActiveCfg = GCC X86_64 NaCL Debug|Win32
		{52F04D33-EED5-4EA7-8123-B57083AB4532}.GCC X86_64 NaCL Debug|x86.Build.0 = GCC X86_64 NaCL Debug|Win32
		{52F04D33-EED5-4EA7-8123-B57083AB4532}.GCC X86_64 NaCL Release|x86.ActiveCfg = GCC X86_64 NaCL Release|Win32
		{52F04D33-EED5-4EA7-8123-B57083AB4532}.GCC X86_64 NaCL Release|x86.Build.0 = GCC X86_64 NaCL Release|Win32
		{52F04D33-EED5-4EA7-8123-B57083AB4532}.RVCT ARM Debug|x86.ActiveCfg = RVCT ARM Debug|Win32
		{52F04D33-EED5-4EA7-8123-B57083AB4532}.RVCT ARM Debug|x86.Build.0 = RVCT ARM Debug|Win32
		{52F04D33-EED5-4EA7-8123-B57083AB4532}.RVCT ARM Release|x86.ActiveCfg = RVCT ARM Release|Win32
		{52F04D33-EED5-4EA7-8123-B57083AB4532}.RVCT ARM Release|x86.Build.0 = RVCT ARM Release|Win32
		{52F04D33-EED5-4EA7-8123-B57083AB4532}.x86 Debug|x86.ActiveCfg = x86 Debug|Win32
		{52F04D33-EED5-4EA7-8123-B57083AB4532}.x86 Debug|x86.Build.0 = x86 Debug|Win32
		{52F04D33-EED5-4EA7-8123-B57083AB4532}.x86 Release|x86.ActiveCfg = x86 Release|Win32
		{52F04D33-EED5-4EA7-8123-B57083AB4532}.x86 Release|x86.Build.0 = x86 Release|Win32
	EndGlobalSection
	GlobalSection(SolutionProperties) = preSolution
		HideSolutionNode = FALSE
	EndGlobalSection
EndGlobal
